
Microsoft Visual Studio Solution File, Format Version 12.00
# Visual Studio Version 17
VisualStudioVersion = 17.5.002.0
MinimumVisualStudioVersion = 10.0.40219.1
Project("{2150E333-8FDC-42A3-9474-1A3956D46DE8}") = "src", "src", "{0092B449-4E03-459D-8001-D05FCD0281CC}"
EndProject
Project("{9A19103F-16F7-4668-BE54-9A1E7A4F7556}") = "CubeClient", "src\CubeClient\CubeClient.csproj", "{D9256728-F68B-4876-8D3A-ADFC822E218F}"
EndProject
Project("{9A19103F-16F7-4668-BE54-9A1E7A4F7556}") = "CubeExecutable", "src\CubeExecutable\CubeExecutable.csproj", "{267ED085-8375-4D95-86F0-3A0551A26A50}"
EndProject
Project("{9A19103F-16F7-4668-BE54-9A1E7A4F7556}") = "HostConfigManager", "src\HostConfigManager\HostConfigManager.csproj", "{55013215-B7F9-41DF-BA1A-42A9094C8F70}"
EndProject
Project("{9A19103F-16F7-4668-BE54-9A1E7A4F7556}") = "ProxyConfigManager", "src\ProxyConfigManager\ProxyConfigManager.csproj", "{C03343EA-B0C4-433B-8908-D2778798419A}"
EndProject
Global
	GlobalSection(SolutionConfigurationPlatforms) = preSolution
		Debug|Any CPU = Debug|Any CPU
		Release|Any CPU = Release|Any CPU
	EndGlobalSection
	GlobalSection(ProjectConfigurationPlatforms) = postSolution
		{D9256728-F68B-4876-8D3A-ADFC822E218F}.Debug|Any CPU.ActiveCfg = Debug|Any CPU
		{D9256728-F68B-4876-8D3A-ADFC822E218F}.Debug|Any CPU.Build.0 = Debug|Any CPU
		{D9256728-F68B-4876-8D3A-ADFC822E218F}.Release|Any CPU.ActiveCfg = Release|Any CPU
		{D9256728-F68B-4876-8D3A-ADFC822E218F}.Release|Any CPU.Build.0 = Release|Any CPU
		{267ED085-8375-4D95-86F0-3A0551A26A50}.Debug|Any CPU.ActiveCfg = Debug|Any CPU
		{267ED085-8375-4D95-86F0-3A0551A26A50}.Debug|Any CPU.Build.0 = Debug|Any CPU
		{267ED085-8375-4D95-86F0-3A0551A26A50}.Release|Any CPU.ActiveCfg = Release|Any CPU
		{267ED085-8375-4D95-86F0-3A0551A26A50}.Release|Any CPU.Build.0 = Release|Any CPU
		{55013215-B7F9-41DF-BA1A-42A9094C8F70}.Debug|Any CPU.ActiveCfg = Debug|Any CPU
		{55013215-B7F9-41DF-BA1A-42A9094C8F70}.Debug|Any CPU.Build.0 = Debug|Any CPU
		{55013215-B7F9-41DF-BA1A-42A9094C8F70}.Release|Any CPU.ActiveCfg = Release|Any CPU
		{55013215-B7F9-41DF-BA1A-42A9094C8F70}.Release|Any CPU.Build.0 = Release|Any CPU
		{C03343EA-B0C4-433B-8908-D2778798419A}.Debug|Any CPU.ActiveCfg = Debug|Any CPU
		{C03343EA-B0C4-433B-8908-D2778798419A}.Debug|Any CPU.Build.0 = Debug|Any CPU
		{C03343EA-B0C4-433B-8908-D2778798419A}.Release|Any CPU.ActiveCfg = Release|Any CPU
		{C03343EA-B0C4-433B-8908-D2778798419A}.Release|Any CPU.Build.0 = Release|Any CPU
	EndGlobalSection
	GlobalSection(SolutionProperties) = preSolution
		HideSolutionNode = FALSE
	EndGlobalSection
	GlobalSection(NestedProjects) = preSolution
		{D9256728-F68B-4876-8D3A-ADFC822E218F} = {0092B449-4E03-459D-8001-D05FCD0281CC}
		{267ED085-8375-4D95-86F0-3A0551A26A50} = {0092B449-4E03-459D-8001-D05FCD0281CC}
		{55013215-B7F9-41DF-BA1A-42A9094C8F70} = {0092B449-4E03-459D-8001-D05FCD0281CC}
		{C03343EA-B0C4-433B-8908-D2778798419A} = {0092B449-4E03-459D-8001-D05FCD0281CC}
	EndGlobalSection
	GlobalSection(ExtensibilityGlobals) = postSolution
		SolutionGuid = {18618B72-7C82-4D3E-9A1E-E84B7006E46F}
	EndGlobalSection
EndGlobal
