
Microsoft Visual Studio Solution File, Format Version 12.00
# Visual Studio Version 17
VisualStudioVersion = 17.5.002.0
MinimumVisualStudioVersion = 10.0.40219.1
Project("{2150E333-8FDC-42A3-9474-1A3956D46DE8}") = "src", "src", "{05D84BFF-C2C0-4498-A293-A3071A389B70}"
EndProject
Project("{9A19103F-16F7-4668-BE54-9A1E7A4F7556}") = "CubeClient", "src\CubeClient\CubeClient.csproj", "{162B5326-74BA-4974-854B-BFB15EE163E5}"
EndProject
Project("{9A19103F-16F7-4668-BE54-9A1E7A4F7556}") = "CubeExecutable", "src\CubeExecutable\CubeExecutable.csproj", "{10986D2B-60C2-429A-9B93-C4E725624424}"
EndProject
Project("{9A19103F-16F7-4668-BE54-9A1E7A4F7556}") = "HostConfigManager", "src\HostConfigManager\HostConfigManager.csproj", "{548344A7-0850-404B-A5AE-10EB17503A27}"
EndProject
Project("{9A19103F-16F7-4668-BE54-9A1E7A4F7556}") = "ProxyConfigManager", "src\ProxyConfigManager\ProxyConfigManager.csproj", "{380E83EC-5651-4BE8-8F8D-24D2D2B5BDA3}"
EndProject
Project("{2150E333-8FDC-42A3-9474-1A3956D46DE8}") = "tools", "tools", "{AD42C4BB-5865-45FC-BFCB-C2CA52CD1403}"
EndProject
Project("{9A19103F-16F7-4668-BE54-9A1E7A4F7556}") = "Encryption", "tools\Encryption\Encryption.csproj", "{5A2E1E9E-9EA1-41E4-AD6E-E5E5359F6337}"
EndProject
Global
	GlobalSection(SolutionConfigurationPlatforms) = preSolution
		Debug|Any CPU = Debug|Any CPU
		Release|Any CPU = Release|Any CPU
	EndGlobalSection
	GlobalSection(ProjectConfigurationPlatforms) = postSolution
		{162B5326-74BA-4974-854B-BFB15EE163E5}.Debug|Any CPU.ActiveCfg = Debug|Any CPU
		{162B5326-74BA-4974-854B-BFB15EE163E5}.Debug|Any CPU.Build.0 = Debug|Any CPU
		{162B5326-74BA-4974-854B-BFB15EE163E5}.Release|Any CPU.ActiveCfg = Release|Any CPU
		{162B5326-74BA-4974-854B-BFB15EE163E5}.Release|Any CPU.Build.0 = Release|Any CPU
		{10986D2B-60C2-429A-9B93-C4E725624424}.Debug|Any CPU.ActiveCfg = Debug|Any CPU
		{10986D2B-60C2-429A-9B93-C4E725624424}.Debug|Any CPU.Build.0 = Debug|Any CPU
		{10986D2B-60C2-429A-9B93-C4E725624424}.Release|Any CPU.ActiveCfg = Release|Any CPU
		{10986D2B-60C2-429A-9B93-C4E725624424}.Release|Any CPU.Build.0 = Release|Any CPU
		{548344A7-0850-404B-A5AE-10EB17503A27}.Debug|Any CPU.ActiveCfg = Debug|Any CPU
		{548344A7-0850-404B-A5AE-10EB17503A27}.Debug|Any CPU.Build.0 = Debug|Any CPU
		{548344A7-0850-404B-A5AE-10EB17503A27}.Release|Any CPU.ActiveCfg = Release|Any CPU
		{548344A7-0850-404B-A5AE-10EB17503A27}.Release|Any CPU.Build.0 = Release|Any CPU
		{380E83EC-5651-4BE8-8F8D-24D2D2B5BDA3}.Debug|Any CPU.ActiveCfg = Debug|Any CPU
		{380E83EC-5651-4BE8-8F8D-24D2D2B5BDA3}.Debug|Any CPU.Build.0 = Debug|Any CPU
		{380E83EC-5651-4BE8-8F8D-24D2D2B5BDA3}.Release|Any CPU.ActiveCfg = Release|Any CPU
		{380E83EC-5651-4BE8-8F8D-24D2D2B5BDA3}.Release|Any CPU.Build.0 = Release|Any CPU
		{5A2E1E9E-9EA1-41E4-AD6E-E5E5359F6337}.Debug|Any CPU.ActiveCfg = Debug|Any CPU
		{5A2E1E9E-9EA1-41E4-AD6E-E5E5359F6337}.Debug|Any CPU.Build.0 = Debug|Any CPU
		{5A2E1E9E-9EA1-41E4-AD6E-E5E5359F6337}.Release|Any CPU.ActiveCfg = Release|Any CPU
		{5A2E1E9E-9EA1-41E4-AD6E-E5E5359F6337}.Release|Any CPU.Build.0 = Release|Any CPU
	EndGlobalSection
	GlobalSection(SolutionProperties) = preSolution
		HideSolutionNode = FALSE
	EndGlobalSection
	GlobalSection(NestedProjects) = preSolution
		{162B5326-74BA-4974-854B-BFB15EE163E5} = {05D84BFF-C2C0-4498-A293-A3071A389B70}
		{10986D2B-60C2-429A-9B93-C4E725624424} = {05D84BFF-C2C0-4498-A293-A3071A389B70}
		{548344A7-0850-404B-A5AE-10EB17503A27} = {05D84BFF-C2C0-4498-A293-A3071A389B70}
		{380E83EC-5651-4BE8-8F8D-24D2D2B5BDA3} = {05D84BFF-C2C0-4498-A293-A3071A389B70}
		{5A2E1E9E-9EA1-41E4-AD6E-E5E5359F6337} = {AD42C4BB-5865-45FC-BFCB-C2CA52CD1403}
	EndGlobalSection
	GlobalSection(ExtensibilityGlobals) = postSolution
		SolutionGuid = {18618B72-7C82-4D3E-9A1E-E84B7006E46F}
	EndGlobalSection
EndGlobal
